
Microsoft Visual Studio Solution File, Format Version 12.00
# Visual Studio 15
VisualStudioVersion = 15.0.27703.2000
MinimumVisualStudioVersion = 10.0.40219.1
Project("{FAE04EC0-301F-11D3-BF4B-00C04F79EFBC}") = "Calculator.Library", "Calculator.Library\Calculator.Library.csproj", "{8E66E34B-8822-4C2E-8D4C-856CB25E6FC3}"
EndProject
Project("{FAE04EC0-301F-11D3-BF4B-00C04F79EFBC}") = "Calculator.Tests", "Calculator.Tests\Calculator.Tests.csproj", "{2B7238A7-C18B-4E89-8561-AC8B2B641BA0}"
EndProject
Global
	GlobalSection(SolutionConfigurationPlatforms) = preSolution
		Debug|Any CPU = Debug|Any CPU
		Release|Any CPU = Release|Any CPU
	EndGlobalSection
	GlobalSection(ProjectConfigurationPlatforms) = postSolution
		{8E66E34B-8822-4C2E-8D4C-856CB25E6FC3}.Debug|Any CPU.ActiveCfg = Debug|Any CPU
		{8E66E34B-8822-4C2E-8D4C-856CB25E6FC3}.Debug|Any CPU.Build.0 = Debug|Any CPU
		{8E66E34B-8822-4C2E-8D4C-856CB25E6FC3}.Release|Any CPU.ActiveCfg = Release|Any CPU
		{8E66E34B-8822-4C2E-8D4C-856CB25E6FC3}.Release|Any CPU.Build.0 = Release|Any CPU
		{2B7238A7-C18B-4E89-8561-AC8B2B641BA0}.Debug|Any CPU.ActiveCfg = Debug|Any CPU
		{2B7238A7-C18B-4E89-8561-AC8B2B641BA0}.Debug|Any CPU.Build.0 = Debug|Any CPU
		{2B7238A7-C18B-4E89-8561-AC8B2B641BA0}.Release|Any CPU.ActiveCfg = Release|Any CPU
		{2B7238A7-C18B-4E89-8561-AC8B2B641BA0}.Release|Any CPU.Build.0 = Release|Any CPU
	EndGlobalSection
	GlobalSection(SolutionProperties) = preSolution
		HideSolutionNode = FALSE
	EndGlobalSection
	GlobalSection(ExtensibilityGlobals) = postSolution
		SolutionGuid = {319002DB-D99A-4D38-9584-28F2262818DA}
	EndGlobalSection
EndGlobal
